
Microsoft Visual Studio Solution File, Format Version 12.00
# Visual Studio Version 17
VisualStudioVersion = 17.4.33213.308
MinimumVisualStudioVersion = 10.0.40219.1
Project("{FAE04EC0-301F-11D3-BF4B-00C04F79EFBC}") = "ContaEtec", "ContaEtec\ContaEtec.csproj", "{CEAA635E-E0AE-4000-95CF-55B7B24B67F2}"
EndProject
Global
	GlobalSection(SolutionConfigurationPlatforms) = preSolution
		Debug|Any CPU = Debug|Any CPU
		Release|Any CPU = Release|Any CPU
	EndGlobalSection
	GlobalSection(ProjectConfigurationPlatforms) = postSolution
		{CEAA635E-E0AE-4000-95CF-55B7B24B67F2}.Debug|Any CPU.ActiveCfg = Debug|Any CPU
		{CEAA635E-E0AE-4000-95CF-55B7B24B67F2}.Debug|Any CPU.Build.0 = Debug|Any CPU
		{CEAA635E-E0AE-4000-95CF-55B7B24B67F2}.Release|Any CPU.ActiveCfg = Release|Any CPU
		{CEAA635E-E0AE-4000-95CF-55B7B24B67F2}.Release|Any CPU.Build.0 = Release|Any CPU
	EndGlobalSection
	GlobalSection(SolutionProperties) = preSolution
		HideSolutionNode = FALSE
	EndGlobalSection
	GlobalSection(ExtensibilityGlobals) = postSolution
		SolutionGuid = {7E10F6DD-D8B4-4A9C-AAB3-FD171F01D727}
	EndGlobalSection
EndGlobal
